PODS:
  - CocoaAsyncSocket (7.5.1):
    - CocoaAsyncSocket/GCD (= 7.5.1)
  - CocoaAsyncSocket/GCD (7.5.1)
  - SocketRocket (0.4.2)
  - sReto/AllModules (2.0.0):
    - sReto/BluetoothModule
    - sReto/RemoteModule
    - sReto/WlanModule
  - sReto/BluetoothModule (2.0.0):
    - sReto/Bonjour
    - sReto/no-arc
  - sReto/Bonjour (2.0.0):
    - CocoaAsyncSocket (= 7.5.1)
    - sReto/Core
  - sReto/Core (2.0.0)
  - sReto/no-arc (2.0.0)
  - sReto/RemoteModule (2.0.0):
    - SocketRocket (= 0.4.2)
    - sReto/Core
  - sReto/WlanModule (2.0.0):
    - sReto/Bonjour

DEPENDENCIES:
  - sReto/AllModules (from `../../`)

EXTERNAL SOURCES:
  sReto:
    :path: ../../

SPEC CHECKSUMS:
  CocoaAsyncSocket: e0a7e93b2ffa411592ff87e58524fbbc9b95b4fa
  SocketRocket: ffe08119b00ef982f6c37052a4705a057c8494ad
  sReto: 3ed0b06de280de4a541ee45562d4e686911861f3

PODFILE CHECKSUM: 55eefa23fc832a974ee17966a905a97dcdea6f08

COCOAPODS: 1.1.1
