PODS:
  - CocoaAsyncSocket (7.6.3)
  - SocketRocket (0.5.1)

DEPENDENCIES:
  - CocoaAsyncSocket (= 7.6.3)
  - SocketRocket (= 0.5.1)

SPEC REPOS:
  https://github.com/cocoapods/specs.git:
    - CocoaAsyncSocket
    - SocketRocket

SPEC CHECKSUMS:
  CocoaAsyncSocket: eafaa68a7e0ec99ead0a7b35015e0bf25d2c8987
  SocketRocket: d57c7159b83c3c6655745cd15302aa24b6bae531

PODFILE CHECKSUM: e26193fd77a5293356b4a63b123988c17430b267

COCOAPODS: 1.5.3
